// !$*UTF8*$!
{
	archiveVersion = 1;
	classes = {
	};
	objectVersion = 56;
	objects = {

/* Begin PBXBuildFile section */
		213973CB29F932BC0052F584 /* Bankcard.swift in Sources */ = {isa = PBXBuildFile; fileRef = 213973CA29F932BC0052F584 /* Bankcard.swift */; };
		213973CD29F933EA0052F584 /* ModelData.swift in Sources */ = {isa = PBXBuildFile; fileRef = 213973CC29F933EA0052F584 /* ModelData.swift */; };
		213973D129F9359F0052F584 /* BankcardList.swift in Sources */ = {isa = PBXBuildFile; fileRef = 213973D029F9359F0052F584 /* BankcardList.swift */; };
		213973D329F9600F0052F584 /* BankcardRow.swift in Sources */ = {isa = PBXBuildFile; fileRef = 213973D229F9600F0052F584 /* BankcardRow.swift */; };
		21D0CC8829F90BAF00FD0F02 /* key_swiftUIApp.swift in Sources */ = {isa = PBXBuildFile; fileRef = 21D0CC8729F90BAF00FD0F02 /* key_swiftUIApp.swift */; };
		21D0CC8A29F90BAF00FD0F02 /* ContentView.swift in Sources */ = {isa = PBXBuildFile; fileRef = 21D0CC8929F90BAF00FD0F02 /* ContentView.swift */; };
		21D0CC8C29F90BB000FD0F02 /* Assets.xcassets in Resources */ = {isa = PBXBuildFile; fileRef = 21D0CC8B29F90BB000FD0F02 /* Assets.xcassets */; };
		21D0CC8F29F90BB000FD0F02 /* Preview Assets.xcassets in Resources */ = {isa = PBXBuildFile; fileRef = 21D0CC8E29F90BB000FD0F02 /* Preview Assets.xcassets */; };
		21D0CC9A29F916E900FD0F02 /* bankcardData.json in Resources */ = {isa = PBXBuildFile; fileRef = 21D0CC9929F916E900FD0F02 /* bankcardData.json */; };
/* End PBXBuildFile section */

/* Begin PBXFileReference section */
		213973CA29F932BC0052F584 /* Bankcard.swift */ = {isa = PBXFileReference; lastKnownFileType = sourcecode.swift; path = Bankcard.swift; sourceTree = "<group>"; };
		213973CC29F933EA0052F584 /* ModelData.swift */ = {isa = PBXFileReference; fileEncoding = 4; lastKnownFileType = sourcecode.swift; path = ModelData.swift; sourceTree = "<group>"; };
		213973D029F9359F0052F584 /* BankcardList.swift */ = {isa = PBXFileReference; lastKnownFileType = sourcecode.swift; path = BankcardList.swift; sourceTree = "<group>"; };
		213973D229F9600F0052F584 /* BankcardRow.swift */ = {isa = PBXFileReference; lastKnownFileType = sourcecode.swift; path = BankcardRow.swift; sourceTree = "<group>"; };
		21D0CC8429F90BAF00FD0F02 /* key-swiftUI.app */ = {isa = PBXFileReference; explicitFileType = wrapper.application; includeInIndex = 0; path = "key-swiftUI.app"; sourceTree = BUILT_PRODUCTS_DIR; };
		21D0CC8729F90BAF00FD0F02 /* key_swiftUIApp.swift */ = {isa = PBXFileReference; lastKnownFileType = sourcecode.swift; path = key_swiftUIApp.swift; sourceTree = "<group>"; };
		21D0CC8929F90BAF00FD0F02 /* ContentView.swift */ = {isa = PBXFileReference; lastKnownFileType = sourcecode.swift; path = ContentView.swift; sourceTree = "<group>"; };
		21D0CC8B29F90BB000FD0F02 /* Assets.xcassets */ = {isa = PBXFileReference; lastKnownFileType = folder.assetcatalog; path = Assets.xcassets; sourceTree = "<group>"; };
		21D0CC8E29F90BB000FD0F02 /* Preview Assets.xcassets */ = {isa = PBXFileReference; lastKnownFileType = folder.assetcatalog; path = "Preview Assets.xcassets"; sourceTree = "<group>"; };
		21D0CC9929F916E900FD0F02 /* bankcardData.json */ = {isa = PBXFileReference; fileEncoding = 4; lastKnownFileType = text.json; path = bankcardData.json; sourceTree = "<group>"; };
		21D0CC9B29F916F200FD0F02 /* README.md */ = {isa = PBXFileReference; lastKnownFileType = net.daringfireball.markdown; path = README.md; sourceTree = "<group>"; };
/* End PBXFileReference section */

/* Begin PBXFrameworksBuildPhase section */
		21D0CC8129F90BAF00FD0F02 /* Frameworks */ = {
			isa = PBXFrameworksBuildPhase;
			buildActionMask = 2147483647;
			files = (
			);
			runOnlyForDeploymentPostprocessing = 0;
		};
/* End PBXFrameworksBuildPhase section */

/* Begin PBXGroup section */
		213973C929F932AE0052F584 /* Model */ = {
			isa = PBXGroup;
			children = (
				213973CC29F933EA0052F584 /* ModelData.swift */,
				213973CA29F932BC0052F584 /* Bankcard.swift */,
			);
			path = Model;
			sourceTree = "<group>";
		};
		213973CF29F934FB0052F584 /* View */ = {
			isa = PBXGroup;
			children = (
				21D0CC8929F90BAF00FD0F02 /* ContentView.swift */,
				213973D029F9359F0052F584 /* BankcardList.swift */,
				213973D229F9600F0052F584 /* BankcardRow.swift */,
			);
			path = View;
			sourceTree = "<group>";
		};
		21D0CC7B29F90BAF00FD0F02 = {
			isa = PBXGroup;
			children = (
				21D0CC9B29F916F200FD0F02 /* README.md */,
				21D0CC8629F90BAF00FD0F02 /* key-swiftUI */,
				21D0CC8529F90BAF00FD0F02 /* Products */,
			);
			sourceTree = "<group>";
		};
		21D0CC8529F90BAF00FD0F02 /* Products */ = {
			isa = PBXGroup;
			children = (
				21D0CC8429F90BAF00FD0F02 /* key-swiftUI.app */,
			);
			name = Products;
			sourceTree = "<group>";
		};
		21D0CC8629F90BAF00FD0F02 /* key-swiftUI */ = {
			isa = PBXGroup;
			children = (
				21D0CC8729F90BAF00FD0F02 /* key_swiftUIApp.swift */,
				213973CF29F934FB0052F584 /* View */,
				213973C929F932AE0052F584 /* Model */,
				21D0CC8B29F90BB000FD0F02 /* Assets.xcassets */,
				21D0CC9829F916E900FD0F02 /* Resources */,
				21D0CC8D29F90BB000FD0F02 /* Preview Content */,
			);
			path = "key-swiftUI";
			sourceTree = "<group>";
		};
		21D0CC8D29F90BB000FD0F02 /* Preview Content */ = {
			isa = PBXGroup;
			children = (
				21D0CC8E29F90BB000FD0F02 /* Preview Assets.xcassets */,
			);
			path = "Preview Content";
			sourceTree = "<group>";
		};
		21D0CC9829F916E900FD0F02 /* Resources */ = {
			isa = PBXGroup;
			children = (
				21D0CC9929F916E900FD0F02 /* bankcardData.json */,
			);
			path = Resources;
			sourceTree = "<group>";
		};
/* End PBXGroup section */

/* Begin PBXNativeTarget section */
		21D0CC8329F90BAF00FD0F02 /* key-swiftUI */ = {
			isa = PBXNativeTarget;
			buildConfigurationList = 21D0CC9229F90BB000FD0F02 /* Build configuration list for PBXNativeTarget "key-swiftUI" */;
			buildPhases = (
				21D0CC8029F90BAF00FD0F02 /* Sources */,
				21D0CC8129F90BAF00FD0F02 /* Frameworks */,
				21D0CC8229F90BAF00FD0F02 /* Resources */,
			);
			buildRules = (
			);
			dependencies = (
			);
			name = "key-swiftUI";
			productName = "key-swiftUI";
			productReference = 21D0CC8429F90BAF00FD0F02 /* key-swiftUI.app */;
			productType = "com.apple.product-type.application";
		};
/* End PBXNativeTarget section */

/* Begin PBXProject section */
		21D0CC7C29F90BAF00FD0F02 /* Project object */ = {
			isa = PBXProject;
			attributes = {
				BuildIndependentTargetsInParallel = 1;
				LastSwiftUpdateCheck = 1420;
				LastUpgradeCheck = 1420;
				TargetAttributes = {
					21D0CC8329F90BAF00FD0F02 = {
						CreatedOnToolsVersion = 14.2;
					};
				};
			};
			buildConfigurationList = 21D0CC7F29F90BAF00FD0F02 /* Build configuration list for PBXProject "key-swiftUI" */;
			compatibilityVersion = "Xcode 14.0";
			developmentRegion = en;
			hasScannedForEncodings = 0;
			knownRegions = (
				en,
				Base,
			);
			mainGroup = 21D0CC7B29F90BAF00FD0F02;
			productRefGroup = 21D0CC8529F90BAF00FD0F02 /* Products */;
			projectDirPath = "";
			projectRoot = "";
			targets = (
				21D0CC8329F90BAF00FD0F02 /* key-swiftUI */,
			);
		};
/* End PBXProject section */

/* Begin PBXResourcesBuildPhase section */
		21D0CC8229F90BAF00FD0F02 /* Resources */ = {
			isa = PBXResourcesBuildPhase;
			buildActionMask = 2147483647;
			files = (
				21D0CC8F29F90BB000FD0F02 /* Preview Assets.xcassets in Resources */,
				21D0CC9A29F916E900FD0F02 /* bankcardData.json in Resources */,
				21D0CC8C29F90BB000FD0F02 /* Assets.xcassets in Resources */,
			);
			runOnlyForDeploymentPostprocessing = 0;
		};
/* End PBXResourcesBuildPhase section */

/* Begin PBXSourcesBuildPhase section */
		21D0CC8029F90BAF00FD0F02 /* Sources */ = {
			isa = PBXSourcesBuildPhase;
			buildActionMask = 2147483647;
			files = (
				213973D329F9600F0052F584 /* BankcardRow.swift in Sources */,
				21D0CC8A29F90BAF00FD0F02 /* ContentView.swift in Sources */,
				213973CD29F933EA0052F584 /* ModelData.swift in Sources */,
				213973D129F9359F0052F584 /* BankcardList.swift in Sources */,
				213973CB29F932BC0052F584 /* Bankcard.swift in Sources */,
				21D0CC8829F90BAF00FD0F02 /* key_swiftUIApp.swift in Sources */,
			);
			runOnlyForDeploymentPostprocessing = 0;
		};
/* End PBXSourcesBuildPhase section */

/* Begin XCBuildConfiguration section */
		21D0CC9029F90BB000FD0F02 /* Debug */ = {
			isa = XCBuildConfiguration;
			buildSettings = {
				ALWAYS_SEARCH_USER_PATHS = NO;
				CLANG_ANALYZER_NONNULL = YES;
				CLANG_ANALYZER_NUMBER_OBJECT_CONVERSION = YES_AGGRESSIVE;
				CLANG_CXX_LANGUAGE_STANDARD = "gnu++20";
				CLANG_ENABLE_MODULES = YES;
				CLANG_ENABLE_OBJC_ARC = YES;
				CLANG_ENABLE_OBJC_WEAK = YES;
				CLANG_WARN_BLOCK_CAPTURE_AUTORELEASING = YES;
				CLANG_WARN_BOOL_CONVERSION = YES;
				CLANG_WARN_COMMA = YES;
				CLANG_WARN_CONSTANT_CONVERSION = YES;
				CLANG_WARN_DEPRECATED_OBJC_IMPLEMENTATIONS = YES;
				CLANG_WARN_DIRECT_OBJC_ISA_USAGE = YES_ERROR;
				CLANG_WARN_DOCUMENTATION_COMMENTS = YES;
				CLANG_WARN_EMPTY_BODY = YES;
				CLANG_WARN_ENUM_CONVERSION = YES;
				CLANG_WARN_INFINITE_RECURSION = YES;
				CLANG_WARN_INT_CONVERSION = YES;
				CLANG_WARN_NON_LITERAL_NULL_CONVERSION = YES;
				CLANG_WARN_OBJC_IMPLICIT_RETAIN_SELF = YES;
				CLANG_WARN_OBJC_LITERAL_CONVERSION = YES;
				CLANG_WARN_OBJC_ROOT_CLASS = YES_ERROR;
				CLANG_WARN_QUOTED_INCLUDE_IN_FRAMEWORK_HEADER = YES;
				CLANG_WARN_RANGE_LOOP_ANALYSIS = YES;
				CLANG_WARN_STRICT_PROTOTYPES = YES;
				CLANG_WARN_SUSPICIOUS_MOVE = YES;
				CLANG_WARN_UNGUARDED_AVAILABILITY = YES_AGGRESSIVE;
				CLANG_WARN_UNREACHABLE_CODE = YES;
				CLANG_WARN__DUPLICATE_METHOD_MATCH = YES;
				COPY_PHASE_STRIP = NO;
				DEBUG_INFORMATION_FORMAT = dwarf;
				ENABLE_STRICT_OBJC_MSGSEND = YES;
				ENABLE_TESTABILITY = YES;
				GCC_C_LANGUAGE_STANDARD = gnu11;
				GCC_DYNAMIC_NO_PIC = NO;
				GCC_NO_COMMON_BLOCKS = YES;
				GCC_OPTIMIZATION_LEVEL = 0;
				GCC_PREPROCESSOR_DEFINITIONS = (
					"DEBUG=1",
					"$(inherited)",
				);
				GCC_WARN_64_TO_32_BIT_CONVERSION = YES;
				GCC_WARN_ABOUT_RETURN_TYPE = YES_ERROR;
				GCC_WARN_UNDECLARED_SELECTOR = YES;
				GCC_WARN_UNINITIALIZED_AUTOS = YES_AGGRESSIVE;
				GCC_WARN_UNUSED_FUNCTION = YES;
				GCC_WARN_UNUSED_VARIABLE = YES;
				IPHONEOS_DEPLOYMENT_TARGET = 16.2;
				MTL_ENABLE_DEBUG_INFO = INCLUDE_SOURCE;
				MTL_FAST_MATH = YES;
				ONLY_ACTIVE_ARCH = YES;
				SDKROOT = iphoneos;
				SWIFT_ACTIVE_COMPILATION_CONDITIONS = DEBUG;
				SWIFT_OPTIMIZATION_LEVEL = "-Onone";
			};
			name = Debug;
		};
		21D0CC9129F90BB000FD0F02 /* Release */ = {
			isa = XCBuildConfiguration;
			buildSettings = {
				ALWAYS_SEARCH_USER_PATHS = NO;
				CLANG_ANALYZER_NONNULL = YES;
				CLANG_ANALYZER_NUMBER_OBJECT_CONVERSION = YES_AGGRESSIVE;
				CLANG_CXX_LANGUAGE_STANDARD = "gnu++20";
				CLANG_ENABLE_MODULES = YES;
				CLANG_ENABLE_OBJC_ARC = YES;
				CLANG_ENABLE_OBJC_WEAK = YES;
				CLANG_WARN_BLOCK_CAPTURE_AUTORELEASING = YES;
				CLANG_WARN_BOOL_CONVERSION = YES;
				CLANG_WARN_COMMA = YES;
				CLANG_WARN_CONSTANT_CONVERSION = YES;
				CLANG_WARN_DEPRECATED_OBJC_IMPLEMENTATIONS = YES;
				CLANG_WARN_DIRECT_OBJC_ISA_USAGE = YES_ERROR;
				CLANG_WARN_DOCUMENTATION_COMMENTS = YES;
				CLANG_WARN_EMPTY_BODY = YES;
				CLANG_WARN_ENUM_CONVERSION = YES;
				CLANG_WARN_INFINITE_RECURSION = YES;
				CLANG_WARN_INT_CONVERSION = YES;
				CLANG_WARN_NON_LITERAL_NULL_CONVERSION = YES;
				CLANG_WARN_OBJC_IMPLICIT_RETAIN_SELF = YES;
				CLANG_WARN_OBJC_LITERAL_CONVERSION = YES;
				CLANG_WARN_OBJC_ROOT_CLASS = YES_ERROR;
				CLANG_WARN_QUOTED_INCLUDE_IN_FRAMEWORK_HEADER = YES;
				CLANG_WARN_RANGE_LOOP_ANALYSIS = YES;
				CLANG_WARN_STRICT_PROTOTYPES = YES;
				CLANG_WARN_SUSPICIOUS_MOVE = YES;
				CLANG_WARN_UNGUARDED_AVAILABILITY = YES_AGGRESSIVE;
				CLANG_WARN_UNREACHABLE_CODE = YES;
				CLANG_WARN__DUPLICATE_METHOD_MATCH = YES;
				COPY_PHASE_STRIP = NO;
				DEBUG_INFORMATION_FORMAT = "dwarf-with-dsym";
				ENABLE_NS_ASSERTIONS = NO;
				ENABLE_STRICT_OBJC_MSGSEND = YES;
				GCC_C_LANGUAGE_STANDARD = gnu11;
				GCC_NO_COMMON_BLOCKS = YES;
				GCC_WARN_64_TO_32_BIT_CONVERSION = YES;
				GCC_WARN_ABOUT_RETURN_TYPE = YES_ERROR;
				GCC_WARN_UNDECLARED_SELECTOR = YES;
				GCC_WARN_UNINITIALIZED_AUTOS = YES_AGGRESSIVE;
				GCC_WARN_UNUSED_FUNCTION = YES;
				GCC_WARN_UNUSED_VARIABLE = YES;
				IPHONEOS_DEPLOYMENT_TARGET = 16.2;
				MTL_ENABLE_DEBUG_INFO = NO;
				MTL_FAST_MATH = YES;
				SDKROOT = iphoneos;
				SWIFT_COMPILATION_MODE = wholemodule;
				SWIFT_OPTIMIZATION_LEVEL = "-O";
				VALIDATE_PRODUCT = YES;
			};
			name = Release;
		};
		21D0CC9329F90BB000FD0F02 /* Debug */ = {
			isa = XCBuildConfiguration;
			buildSettings = {
				ASSETCATALOG_COMPILER_APPICON_NAME = AppIcon;
				ASSETCATALOG_COMPILER_GLOBAL_ACCENT_COLOR_NAME = AccentColor;
				CODE_SIGN_STYLE = Automatic;
				CURRENT_PROJECT_VERSION = 1;
				DEVELOPMENT_ASSET_PATHS = "\"key-swiftUI/Preview Content\"";
				DEVELOPMENT_TEAM = 7TFBM68LA7;
				ENABLE_PREVIEWS = YES;
				GENERATE_INFOPLIST_FILE = YES;
				INFOPLIST_KEY_CFBundleDisplayName = "swift key";
				INFOPLIST_KEY_UIApplicationSceneManifest_Generation = YES;
				INFOPLIST_KEY_UIApplicationSupportsIndirectInputEvents = YES;
				INFOPLIST_KEY_UILaunchScreen_Generation = YES;
				INFOPLIST_KEY_UISupportedInterfaceOrientations_iPad = "UIInterfaceOrientationPortrait UIInterfaceOrientationPortraitUpsideDown UIInterfaceOrientationLandscapeLeft UIInterfaceOrientationLandscapeRight";
				INFOPLIST_KEY_UISupportedInterfaceOrientations_iPhone = "UIInterfaceOrientationPortrait UIInterfaceOrientationLandscapeLeft UIInterfaceOrientationLandscapeRight";
				IPHONEOS_DEPLOYMENT_TARGET = 15.0;
				LD_RUNPATH_SEARCH_PATHS = (
					"$(inherited)",
					"@executable_path/Frameworks",
				);
				MARKETING_VERSION = 1.0;
				PRODUCT_BUNDLE_IDENTIFIER = "com.xieyunjia.key-swiftUI";
				PRODUCT_NAME = "$(TARGET_NAME)";
				SWIFT_EMIT_LOC_STRINGS = YES;
				SWIFT_VERSION = 5.0;
				TARGETED_DEVICE_FAMILY = "1,2";
			};
			name = Debug;
		};
		21D0CC9429F90BB000FD0F02 /* Release */ = {
			isa = XCBuildConfiguration;
			buildSettings = {
				ASSETCATALOG_COMPILER_APPICON_NAME = AppIcon;
				ASSETCATALOG_COMPILER_GLOBAL_ACCENT_COLOR_NAME = AccentColor;
				CODE_SIGN_STYLE = Automatic;
				CURRENT_PROJECT_VERSION = 1;
				DEVELOPMENT_ASSET_PATHS = "\"key-swiftUI/Preview Content\"";
				DEVELOPMENT_TEAM = 7TFBM68LA7;
				ENABLE_PREVIEWS = YES;
				GENERATE_INFOPLIST_FILE = YES;
				INFOPLIST_KEY_CFBundleDisplayName = "swift key";
				INFOPLIST_KEY_UIApplicationSceneManifest_Generation = YES;
				INFOPLIST_KEY_UIApplicationSupportsIndirectInputEvents = YES;
				INFOPLIST_KEY_UILaunchScreen_Generation = YES;
				INFOPLIST_KEY_UISupportedInterfaceOrientations_iPad = "UIInterfaceOrientationPortrait UIInterfaceOrientationPortraitUpsideDown UIInterfaceOrientationLandscapeLeft UIInterfaceOrientationLandscapeRight";
				INFOPLIST_KEY_UISupportedInterfaceOrientations_iPhone = "UIInterfaceOrientationPortrait UIInterfaceOrientationLandscapeLeft UIInterfaceOrientationLandscapeRight";
				IPHONEOS_DEPLOYMENT_TARGET = 15.0;
				LD_RUNPATH_SEARCH_PATHS = (
					"$(inherited)",
					"@executable_path/Frameworks",
				);
				MARKETING_VERSION = 1.0;
				PRODUCT_BUNDLE_IDENTIFIER = "com.xieyunjia.key-swiftUI";
				PRODUCT_NAME = "$(TARGET_NAME)";
				SWIFT_EMIT_LOC_STRINGS = YES;
				SWIFT_VERSION = 5.0;
				TARGETED_DEVICE_FAMILY = "1,2";
			};
			name = Release;
		};
/* End XCBuildConfiguration section */

/* Begin XCConfigurationList section */
		21D0CC7F29F90BAF00FD0F02 /* Build configuration list for PBXProject "key-swiftUI" */ = {
			isa = XCConfigurationList;
			buildConfigurations = (
				21D0CC9029F90BB000FD0F02 /* Debug */,
				21D0CC9129F90BB000FD0F02 /* Release */,
			);
			defaultConfigurationIsVisible = 0;
			defaultConfigurationName = Release;
		};
		21D0CC9229F90BB000FD0F02 /* Build configuration list for PBXNativeTarget "key-swiftUI" */ = {
			isa = XCConfigurationList;
			buildConfigurations = (
				21D0CC9329F90BB000FD0F02 /* Debug */,
				21D0CC9429F90BB000FD0F02 /* Release */,
			);
			defaultConfigurationIsVisible = 0;
			defaultConfigurationName = Release;
		};
/* End XCConfigurationList section */
	};
	rootObject = 21D0CC7C29F90BAF00FD0F02 /* Project object */;
}
